{
  "nodes": {
    "nixpkgs": {
      "locked": {
        "lastModified": 1673540789,
        "narHash": "sha256-xqnxBOK3qctIeUVxecydrEDbEXjsvHCPGPbvsl63M/U=",
        "path": "/nix/store/gzqnnz0zg7flfvja78359fsvs5bvw51s-source",
        "rev": "0f213d0fee84280d8c3a97f7469b988d6fe5fcdf",
        "type": "path"
      },
      "original": {
        "id": "nixpkgs",
        "type": "indirect"
      }
    },
    "root": {
      "inputs": {
        "nixpkgs": "nixpkgs"
      }
    }
  },
  "root": "root",
  "version": 7
}
